
Microsoft Visual Studio Solution File, Format Version 12.00
# Visual Studio Version 17
VisualStudioVersion = 17.4.33213.308
MinimumVisualStudioVersion = 10.0.40219.1
Project("{8BC9CEB8-8B4A-11D0-8D11-00A0C91BC942}") = "Student_Record", "Student_Record\Student_Record.vcxproj", "{A00BEF8A-2B94-4ECB-B448-60CA3F91C27D}"
EndProject
Global
	GlobalSection(SolutionConfigurationPlatforms) = preSolution
		Debug|x64 = Debug|x64
		Debug|x86 = Debug|x86
		Release|x64 = Release|x64
		Release|x86 = Release|x86
	EndGlobalSection
	GlobalSection(ProjectConfigurationPlatforms) = postSolution
		{A00BEF8A-2B94-4ECB-B448-60CA3F91C27D}.Debug|x64.ActiveCfg = Debug|x64
		{A00BEF8A-2B94-4ECB-B448-60CA3F91C27D}.Debug|x64.Build.0 = Debug|x64
		{A00BEF8A-2B94-4ECB-B448-60CA3F91C27D}.Debug|x86.ActiveCfg = Debug|Win32
		{A00BEF8A-2B94-4ECB-B448-60CA3F91C27D}.Debug|x86.Build.0 = Debug|Win32
		{A00BEF8A-2B94-4ECB-B448-60CA3F91C27D}.Release|x64.ActiveCfg = Release|x64
		{A00BEF8A-2B94-4ECB-B448-60CA3F91C27D}.Release|x64.Build.0 = Release|x64
		{A00BEF8A-2B94-4ECB-B448-60CA3F91C27D}.Release|x86.ActiveCfg = Release|Win32
		{A00BEF8A-2B94-4ECB-B448-60CA3F91C27D}.Release|x86.Build.0 = Release|Win32
	EndGlobalSection
	GlobalSection(SolutionProperties) = preSolution
		HideSolutionNode = FALSE
	EndGlobalSection
	GlobalSection(ExtensibilityGlobals) = postSolution
		SolutionGuid = {3A9F2D56-0539-43D9-941B-2CB397E6623D}
	EndGlobalSection
EndGlobal
