
Microsoft Visual Studio Solution File, Format Version 12.00
# Visual Studio Version 17
VisualStudioVersion = 17.4.33213.308
MinimumVisualStudioVersion = 10.0.40219.1
Project("{8BC9CEB8-8B4A-11D0-8D11-00A0C91BC942}") = "HW_7b", "HW_7b\HW_7b.vcxproj", "{16D979AE-904C-4650-A154-F0D7A34472FF}"
EndProject
Global
	GlobalSection(SolutionConfigurationPlatforms) = preSolution
		Debug|x64 = Debug|x64
		Debug|x86 = Debug|x86
		Release|x64 = Release|x64
		Release|x86 = Release|x86
	EndGlobalSection
	GlobalSection(ProjectConfigurationPlatforms) = postSolution
		{16D979AE-904C-4650-A154-F0D7A34472FF}.Debug|x64.ActiveCfg = Debug|x64
		{16D979AE-904C-4650-A154-F0D7A34472FF}.Debug|x64.Build.0 = Debug|x64
		{16D979AE-904C-4650-A154-F0D7A34472FF}.Debug|x86.ActiveCfg = Debug|Win32
		{16D979AE-904C-4650-A154-F0D7A34472FF}.Debug|x86.Build.0 = Debug|Win32
		{16D979AE-904C-4650-A154-F0D7A34472FF}.Release|x64.ActiveCfg = Release|x64
		{16D979AE-904C-4650-A154-F0D7A34472FF}.Release|x64.Build.0 = Release|x64
		{16D979AE-904C-4650-A154-F0D7A34472FF}.Release|x86.ActiveCfg = Release|Win32
		{16D979AE-904C-4650-A154-F0D7A34472FF}.Release|x86.Build.0 = Release|Win32
	EndGlobalSection
	GlobalSection(SolutionProperties) = preSolution
		HideSolutionNode = FALSE
	EndGlobalSection
	GlobalSection(ExtensibilityGlobals) = postSolution
		SolutionGuid = {7C05C166-2A76-4786-AB60-DAD705E9166D}
	EndGlobalSection
EndGlobal
